
Microsoft Visual Studio Solution File, Format Version 12.00
# Visual Studio Version 17
VisualStudioVersion = 17.14.36414.22 d17.14
MinimumVisualStudioVersion = 10.0.40219.1
Project("{FAE04EC0-301F-11D3-BF4B-00C04F79EFBC}") = "RCAAS.Wrappers.Minecraft", "RCAAS.Wrappers.Minecraft\RCAAS.Wrappers.Minecraft.csproj", "{562AF2FA-6E08-48C5-ADC7-2B6A9D1022DF}"
EndProject
Global
	GlobalSection(SolutionConfigurationPlatforms) = preSolution
		Debug|Any CPU = Debug|Any CPU
		Release|Any CPU = Release|Any CPU
	EndGlobalSection
	GlobalSection(ProjectConfigurationPlatforms) = postSolution
		{562AF2FA-6E08-48C5-ADC7-2B6A9D1022DF}.Debug|Any CPU.ActiveCfg = Debug|Any CPU
		{562AF2FA-6E08-48C5-ADC7-2B6A9D1022DF}.Debug|Any CPU.Build.0 = Debug|Any CPU
		{562AF2FA-6E08-48C5-ADC7-2B6A9D1022DF}.Release|Any CPU.ActiveCfg = Release|Any CPU
		{562AF2FA-6E08-48C5-ADC7-2B6A9D1022DF}.Release|Any CPU.Build.0 = Release|Any CPU
	EndGlobalSection
	GlobalSection(SolutionProperties) = preSolution
		HideSolutionNode = FALSE
	EndGlobalSection
	GlobalSection(ExtensibilityGlobals) = postSolution
		SolutionGuid = {E5CAB8F5-7EF5-4C20-85CA-D7C6CA74625D}
	EndGlobalSection
EndGlobal
